
Microsoft Visual Studio Solution File, Format Version 12.00
# Visual Studio Version 17
VisualStudioVersion = 17.14.36127.28 d17.14
MinimumVisualStudioVersion = 10.0.40219.1
Project("{FAE04EC0-301F-11D3-BF4B-00C04F79EFBC}") = "Lista3 exe3", "Lista3 exe3\Lista3 exe3.csproj", "{DDB16E46-42CD-4BE8-9D4C-4B2E9F83B8AB}"
EndProject
Global
	GlobalSection(SolutionConfigurationPlatforms) = preSolution
		Debug|Any CPU = Debug|Any CPU
		Release|Any CPU = Release|Any CPU
	EndGlobalSection
	GlobalSection(ProjectConfigurationPlatforms) = postSolution
		{DDB16E46-42CD-4BE8-9D4C-4B2E9F83B8AB}.Debug|Any CPU.ActiveCfg = Debug|Any CPU
		{DDB16E46-42CD-4BE8-9D4C-4B2E9F83B8AB}.Debug|Any CPU.Build.0 = Debug|Any CPU
		{DDB16E46-42CD-4BE8-9D4C-4B2E9F83B8AB}.Release|Any CPU.ActiveCfg = Release|Any CPU
		{DDB16E46-42CD-4BE8-9D4C-4B2E9F83B8AB}.Release|Any CPU.Build.0 = Release|Any CPU
	EndGlobalSection
	GlobalSection(SolutionProperties) = preSolution
		HideSolutionNode = FALSE
	EndGlobalSection
	GlobalSection(ExtensibilityGlobals) = postSolution
		SolutionGuid = {AB7CB1E8-AA5E-49F3-934C-AF798A2E014A}
	EndGlobalSection
EndGlobal
