
Microsoft Visual Studio Solution File, Format Version 12.00
# Visual Studio Version 17
VisualStudioVersion = 17.14.36127.28 d17.14
MinimumVisualStudioVersion = 10.0.40219.1
Project("{FAE04EC0-301F-11D3-BF4B-00C04F79EFBC}") = "Lista3 exe2", "Lista3 exe2\Lista3 exe2.csproj", "{9D29B979-25E2-4D3F-8ECB-318168407AFC}"
EndProject
Global
	GlobalSection(SolutionConfigurationPlatforms) = preSolution
		Debug|Any CPU = Debug|Any CPU
		Release|Any CPU = Release|Any CPU
	EndGlobalSection
	GlobalSection(ProjectConfigurationPlatforms) = postSolution
		{9D29B979-25E2-4D3F-8ECB-318168407AFC}.Debug|Any CPU.ActiveCfg = Debug|Any CPU
		{9D29B979-25E2-4D3F-8ECB-318168407AFC}.Debug|Any CPU.Build.0 = Debug|Any CPU
		{9D29B979-25E2-4D3F-8ECB-318168407AFC}.Release|Any CPU.ActiveCfg = Release|Any CPU
		{9D29B979-25E2-4D3F-8ECB-318168407AFC}.Release|Any CPU.Build.0 = Release|Any CPU
	EndGlobalSection
	GlobalSection(SolutionProperties) = preSolution
		HideSolutionNode = FALSE
	EndGlobalSection
	GlobalSection(ExtensibilityGlobals) = postSolution
		SolutionGuid = {6B594D13-ECBE-4973-9AA7-54D1103E97D3}
	EndGlobalSection
EndGlobal
